
Microsoft Visual Studio Solution File, Format Version 12.00
# Visual Studio 14
VisualStudioVersion = 14.0.25420.1
MinimumVisualStudioVersion = 10.0.40219.1
Project("{2150E333-8FDC-42A3-9474-1A3956D46DE8}") = "SimpleSignalR_Projects", "SimpleSignalR_Projects", "{7BB7EB42-E511-4ACD-A15F-668249EC9F50}"
EndProject
Project("{FAE04EC0-301F-11D3-BF4B-00C04F79EFBC}") = "SignalRChatEmptyWeb", "SignalRChat\SignalRChatEmptyWeb.csproj", "{25B0C400-2244-47F3-8E7D-A93CCF55659C}"
EndProject
Project("{FAE04EC0-301F-11D3-BF4B-00C04F79EFBC}") = "SignalRChatMVC", "SignalRChatMVC\SignalRChatMVC.csproj", "{51F48632-3EEC-45CC-BBBC-031D6C469AE9}"
EndProject
Project("{2150E333-8FDC-42A3-9474-1A3956D46DE8}") = "HostingOnConsole", "HostingOnConsole", "{E7C6DBA5-A630-4995-91A2-E205D5D99419}"
EndProject
Project("{FAE04EC0-301F-11D3-BF4B-00C04F79EFBC}") = "SignalRSelfHost", "SignalRSelfHost\SignalRSelfHost.csproj", "{AE8C365B-10FA-47CC-8BE9-3DE4B53D8B34}"
EndProject
Project("{FAE04EC0-301F-11D3-BF4B-00C04F79EFBC}") = "JavascriptClient", "JavascriptClient\JavascriptClient.csproj", "{48F0405E-5F7C-4518-8E64-0BF7A09040ED}"
EndProject
Global
	GlobalSection(SolutionConfigurationPlatforms) = preSolution
		Debug|Any CPU = Debug|Any CPU
		Release|Any CPU = Release|Any CPU
	EndGlobalSection
	GlobalSection(ProjectConfigurationPlatforms) = postSolution
		{25B0C400-2244-47F3-8E7D-A93CCF55659C}.Debug|Any CPU.ActiveCfg = Debug|Any CPU
		{25B0C400-2244-47F3-8E7D-A93CCF55659C}.Debug|Any CPU.Build.0 = Debug|Any CPU
		{25B0C400-2244-47F3-8E7D-A93CCF55659C}.Release|Any CPU.ActiveCfg = Release|Any CPU
		{25B0C400-2244-47F3-8E7D-A93CCF55659C}.Release|Any CPU.Build.0 = Release|Any CPU
		{51F48632-3EEC-45CC-BBBC-031D6C469AE9}.Debug|Any CPU.ActiveCfg = Debug|Any CPU
		{51F48632-3EEC-45CC-BBBC-031D6C469AE9}.Debug|Any CPU.Build.0 = Debug|Any CPU
		{51F48632-3EEC-45CC-BBBC-031D6C469AE9}.Release|Any CPU.ActiveCfg = Release|Any CPU
		{51F48632-3EEC-45CC-BBBC-031D6C469AE9}.Release|Any CPU.Build.0 = Release|Any CPU
		{AE8C365B-10FA-47CC-8BE9-3DE4B53D8B34}.Debug|Any CPU.ActiveCfg = Debug|Any CPU
		{AE8C365B-10FA-47CC-8BE9-3DE4B53D8B34}.Debug|Any CPU.Build.0 = Debug|Any CPU
		{AE8C365B-10FA-47CC-8BE9-3DE4B53D8B34}.Release|Any CPU.ActiveCfg = Release|Any CPU
		{AE8C365B-10FA-47CC-8BE9-3DE4B53D8B34}.Release|Any CPU.Build.0 = Release|Any CPU
		{48F0405E-5F7C-4518-8E64-0BF7A09040ED}.Debug|Any CPU.ActiveCfg = Debug|Any CPU
		{48F0405E-5F7C-4518-8E64-0BF7A09040ED}.Debug|Any CPU.Build.0 = Debug|Any CPU
		{48F0405E-5F7C-4518-8E64-0BF7A09040ED}.Release|Any CPU.ActiveCfg = Release|Any CPU
		{48F0405E-5F7C-4518-8E64-0BF7A09040ED}.Release|Any CPU.Build.0 = Release|Any CPU
	EndGlobalSection
	GlobalSection(SolutionProperties) = preSolution
		HideSolutionNode = FALSE
	EndGlobalSection
	GlobalSection(NestedProjects) = preSolution
		{25B0C400-2244-47F3-8E7D-A93CCF55659C} = {7BB7EB42-E511-4ACD-A15F-668249EC9F50}
		{51F48632-3EEC-45CC-BBBC-031D6C469AE9} = {7BB7EB42-E511-4ACD-A15F-668249EC9F50}
		{E7C6DBA5-A630-4995-91A2-E205D5D99419} = {7BB7EB42-E511-4ACD-A15F-668249EC9F50}
		{AE8C365B-10FA-47CC-8BE9-3DE4B53D8B34} = {E7C6DBA5-A630-4995-91A2-E205D5D99419}
		{48F0405E-5F7C-4518-8E64-0BF7A09040ED} = {E7C6DBA5-A630-4995-91A2-E205D5D99419}
	EndGlobalSection
EndGlobal
